
Microsoft Visual Studio Solution File, Format Version 12.00
# Visual Studio Version 17
VisualStudioVersion = 17.0.32002.185
MinimumVisualStudioVersion = 10.0.40219.1
Project("{9A19103F-16F7-4668-BE54-9A1E7A4F7556}") = "MobileBackend", "MobileBackend\MobileBackend.csproj", "{5115720E-1027-4A22-A393-CC86D30DC4BC}"
EndProject
Global
	GlobalSection(SolutionConfigurationPlatforms) = preSolution
		Debug|Any CPU = Debug|Any CPU
		Release|Any CPU = Release|Any CPU
	EndGlobalSection
	GlobalSection(ProjectConfigurationPlatforms) = postSolution
		{5115720E-1027-4A22-A393-CC86D30DC4BC}.Debug|Any CPU.ActiveCfg = Debug|Any CPU
		{5115720E-1027-4A22-A393-CC86D30DC4BC}.Debug|Any CPU.Build.0 = Debug|Any CPU
		{5115720E-1027-4A22-A393-CC86D30DC4BC}.Release|Any CPU.ActiveCfg = Release|Any CPU
		{5115720E-1027-4A22-A393-CC86D30DC4BC}.Release|Any CPU.Build.0 = Release|Any CPU
	EndGlobalSection
	GlobalSection(SolutionProperties) = preSolution
		HideSolutionNode = FALSE
	EndGlobalSection
	GlobalSection(ExtensibilityGlobals) = postSolution
		SolutionGuid = {017E8C34-A528-4BB8-91C7-41AA6FA55C4F}
	EndGlobalSection
EndGlobal
